{"1.1.0",
[{<<"acceptor_pool">>,{pkg,<<"acceptor_pool">>,<<"1.0.0-rc.0">>},1},
 {<<"counters">>,{pkg,<<"counters">>,<<"0.2.1">>},1},
 {<<"ctx">>,{pkg,<<"ctx">>,<<"0.5.0">>},1},
 {<<"ehash">>,{pkg,<<"ehash">>,<<"0.2.1">>},0},
 {<<"erlang_term">>,{pkg,<<"erlang_term">>,<<"1.7.4">>},0},
 {<<"gen_batch_server">>,
  {git,"https://github.com/rabbitmq/gen-batch-server.git",
       {ref,"b7cf2f9a9916d05ad93f341b70809caf0de8d551"}},
  0},
 {<<"goldrush">>,{pkg,<<"goldrush">>,<<"0.1.9">>},2},
 {<<"gproc">>,{pkg,<<"gproc">>,<<"0.8.0">>},0},
 {<<"hooks">>,{pkg,<<"hooks">>,<<"2.0.1">>},0},
 {<<"jobs">>,{pkg,<<"jobs">>,<<"0.9.0">>},0},
 {<<"lager">>,{pkg,<<"lager">>,<<"3.6.9">>},1},
 {<<"lru">>,{pkg,<<"lru">>,<<"2.3.1">>},0},
 {<<"mimerl">>,{pkg,<<"mimerl">>,<<"1.2.0">>},0},
 {<<"opencensus">>,{pkg,<<"opencensus">>,<<"0.9.1">>},0},
 {<<"parse_trans">>,{pkg,<<"parse_trans">>,<<"3.3.0">>},1},
 {<<"partisan">>,
  {git,"https://github.com/benoitc/partisan.git",
       {ref,"5e669f541eaa6c4cc26cd2f5f462e05675756cce"}},
  0},
 {<<"quickrand">>,{pkg,<<"quickrand">>,<<"1.7.5">>},1},
 {<<"rand_compat">>,{pkg,<<"rand_compat">>,<<"0.0.3">>},1},
 {<<"recon">>,{pkg,<<"recon">>,<<"2.3.4">>},0},
 {<<"rfc3339">>,{pkg,<<"rfc3339">>,<<"0.9.0">>},2},
 {<<"rocksdb">>,{pkg,<<"rocksdb">>,<<"1.1.1">>},0},
 {<<"time_compat">>,{pkg,<<"time_compat">>,<<"0.0.1">>},1},
 {<<"types">>,{pkg,<<"types">>,<<"0.1.8">>},1},
 {<<"uuid">>,{pkg,<<"uuid_erl">>,<<"1.7.5">>},0},
 {<<"worker_pool">>,{pkg,<<"worker_pool">>,<<"4.0.0">>},0},
 {<<"wts">>,{pkg,<<"wts">>,<<"0.3.0">>},1}]}.
[
{pkg_hash,[
 {<<"acceptor_pool">>, <<"679D741DF87FC13599B1AEF2DF8F78F1F880449A6BEFAB7C44FB6FAE0E92A2DE">>},
 {<<"counters">>, <<"AA3D97E88F92573488987193D0F48EFCE0F3B2CD1443BF4EE760BC7F99322F0C">>},
 {<<"ctx">>, <<"78E0F16712E12D707A7F34277381B8E193D7C71EAA24D37330DC02477C09EDA5">>},
 {<<"ehash">>, <<"B3F73406C19FBA8ACE6598DB0B6252B0ECA5D8B3C0606CA7D69FAF6BAF442710">>},
 {<<"erlang_term">>, <<"B2955E68F79E63EFC52F40E390193442FBDD3169C1C9AC5580ED6E18D41324F5">>},
 {<<"goldrush">>, <<"F06E5D5F1277DA5C413E84D5A2924174182FB108DABB39D5EC548B27424CD106">>},
 {<<"gproc">>, <<"CEA02C578589C61E5341FCE149EA36CCEF236CC2ECAC8691FBA408E7EA77EC2F">>},
 {<<"hooks">>, <<"1C1FF88BFDA7460D2A4C6894DFF94AD83287B7CC2B5AC0FEF808B189843F0F6B">>},
 {<<"jobs">>, <<"B2F0071531C4A48575A096FEC428DCDD4555C64E5086FE521FCEAF581B1F51DC">>},
 {<<"lager">>, <<"387BCD836DC0C8AD9C6D90A0E0CE5B29676847950CBC527BCCC194A02028DE8E">>},
 {<<"lru">>, <<"DF02F35AFE0C4911B8051CE0440F0684FCCC650E3197E32AEA831264BDCC22C6">>},
 {<<"mimerl">>, <<"67E2D3F571088D5CFD3E550C383094B47159F3EEE8FFA08E64106CDF5E981BE3">>},
 {<<"opencensus">>, <<"47481A832F46883D9B5CDEC51D3C693E40E7324A5E3B4DFD9012A27152AA6DF6">>},
 {<<"parse_trans">>, <<"09765507A3C7590A784615CFD421D101AEC25098D50B89D7AA1D66646BC571C1">>},
 {<<"quickrand">>, <<"E3086A153EB13A057FC19192D05E2D4C6BB2BDBB55746A699BEAE9847AC17CA8">>},
 {<<"rand_compat">>, <<"011646BC1F0B0C432FE101B816F25B9BBB74A085713CEE1DAFD2D62E9415EAD3">>},
 {<<"recon">>, <<"B406C2FCCDEAA0D94E23B5E30AE3D635A2D461E363A5C9C6316897037CF050D2">>},
 {<<"rfc3339">>, <<"2075653DC9407541C84B1E15F8BDA2ABE95FB17C9694025E079583F2D19C1060">>},
 {<<"rocksdb">>, <<"7970A5225C4797431EA6AB8C16CEB5A274B9719004F1274AAB119DE15D18ECF9">>},
 {<<"time_compat">>, <<"23FE0AD1FDF3B5B88821B2D04B4B5E865BF587AE66056D671FE0F53514ED8139">>},
 {<<"types">>, <<"5782B67231E8C174FE2835395E71E669FE0121076779D2A09F1C0D58EE0E2F13">>},
 {<<"uuid">>, <<"3862FF9A21C42566DFD0376B97512FA202922897129E09A05E2AFA0D9CAFD97A">>},
 {<<"worker_pool">>, <<"CD94D94D3B1A2442E54DB001B0B3BA0BD1F9D8098F4253F57228C021524BB55B">>},
 {<<"wts">>, <<"5CDF22C775CB1EBAE24C326A5DB6074D753C42F4BD12A9AA47CC62D3E2C71AD1">>}]}
].
